{
  "pins" : [
    {
      "identity" : "spm-nmapsgeometry",
      "kind" : "remoteSourceControl",
      "location" : "https://github.com/navermaps/SPM-NMapsGeometry.git",
      "state" : {
        "revision" : "436d5e2e684f557faf5ef5862fd6633a42d7af11",
        "version" : "1.0.2"
      }
    },
    {
      "identity" : "spm-nmapsmap",
      "kind" : "remoteSourceControl",
      "location" : "https://github.com/navermaps/SPM-NMapsMap.git",
      "state" : {
        "revision" : "fb4eef37db9904c0a0dcdf7a828c892e13782cfa",
        "version" : "3.23.0"
      }
    }
  ],
  "version" : 2
}
