PODS:
  - Flutter (1.0.0)
  - lat_compass (0.0.1):
    - Flutter
  - permission_handler_apple (9.3.0):
    - Flutter

DEPENDENCIES:
  - Flutter (from `Flutter`)
  - lat_compass (from `.symlinks/plugins/lat_compass/ios`)
  - permission_handler_apple (from `.symlinks/plugins/permission_handler_apple/ios`)

EXTERNAL SOURCES:
  Flutter:
    :path: Flutter
  lat_compass:
    :path: ".symlinks/plugins/lat_compass/ios"
  permission_handler_apple:
    :path: ".symlinks/plugins/permission_handler_apple/ios"

SPEC CHECKSUMS:
  Flutter: cabc95a1d2626b1b06e7179b784ebcf0c0cde467
  lat_compass: eadcaf7fa6194ac03e557b3c0ee7168b5415ff43
  permission_handler_apple: 4ed2196e43d0651e8ff7ca3483a069d469701f2d

PODFILE CHECKSUM: 2ae0fe099ea5e0085ba4e9d891687ccd904e990d

COCOAPODS: 1.16.2
