PODS:
  - Flutter (1.0.0)
  - flutter_naver_map (1.3.0):
    - Flutter
    - NMapsMap (= 3.18.0)
  - integration_test (0.0.1):
    - Flutter
  - NMapsGeometry (1.0.1)
  - NMapsMap (3.18.0):
    - NMapsGeometry
  - path_provider_foundation (0.0.1):
    - Flutter
    - FlutterMacOS
  - permission_handler_apple (9.3.0):
    - Flutter

DEPENDENCIES:
  - Flutter (from `Flutter`)
  - flutter_naver_map (from `.symlinks/plugins/flutter_naver_map/ios`)
  - integration_test (from `.symlinks/plugins/integration_test/ios`)
  - path_provider_foundation (from `.symlinks/plugins/path_provider_foundation/darwin`)
  - permission_handler_apple (from `.symlinks/plugins/permission_handler_apple/ios`)

SPEC REPOS:
  trunk:
    - NMapsGeometry
    - NMapsMap

EXTERNAL SOURCES:
  Flutter:
    :path: Flutter
  flutter_naver_map:
    :path: ".symlinks/plugins/flutter_naver_map/ios"
  integration_test:
    :path: ".symlinks/plugins/integration_test/ios"
  path_provider_foundation:
    :path: ".symlinks/plugins/path_provider_foundation/darwin"
  permission_handler_apple:
    :path: ".symlinks/plugins/permission_handler_apple/ios"

SPEC CHECKSUMS:
  Flutter: e0871f40cf51350855a761d2e70bf5af5b9b5de7
  flutter_naver_map: f9661aa502b7cf014e286339662b904dda925143
  integration_test: ce0a3ffa1de96d1a89ca0ac26fca7ea18a749ef4
  NMapsGeometry: 53c573ead66466681cf123f99f698dc8071a4b83
  NMapsMap: 36dc18a1f5f315121b33fccd2398c7a702bf0fc8
  path_provider_foundation: 29f094ae23ebbca9d3d0cec13889cd9060c0e943
  permission_handler_apple: 036b856153a2b1f61f21030ff725f3e6fece2b78

PODFILE CHECKSUM: 865bfa77219454a712543ad6494f6458c48be43e

COCOAPODS: 1.15.2
