{
  "originHash" : "436f118249d3683c9e8d1118e9de1b72b9fa3347a2e2e6bec11f6bc6be3b5b50",
  "pins" : [
    {
      "identity" : "spm-nmapsgeometry",
      "kind" : "remoteSourceControl",
      "location" : "https://github.com/navermaps/SPM-NMapsGeometry.git",
      "state" : {
        "revision" : "436d5e2e684f557faf5ef5862fd6633a42d7af11",
        "version" : "1.0.2"
      }
    },
    {
      "identity" : "spm-nmapsmap",
      "kind" : "remoteSourceControl",
      "location" : "https://github.com/navermaps/SPM-NMapsMap.git",
      "state" : {
        "revision" : "ad89e53fdfec3b8d8994280fb0414b5a7b1c3e8e",
        "version" : "3.21.0"
      }
    }
  ],
  "version" : 3
}
