{
  "originHash" : "1305285950facf55a7f581d423c1e480d6dd2ff2086ac845f21b26ecbf5661fd",
  "pins" : [
    {
      "identity" : "spm-nmapsgeometry",
      "kind" : "remoteSourceControl",
      "location" : "https://github.com/navermaps/SPM-NMapsGeometry.git",
      "state" : {
        "revision" : "436d5e2e684f557faf5ef5862fd6633a42d7af11",
        "version" : "1.0.2"
      }
    },
    {
      "identity" : "spm-nmapsmap",
      "kind" : "remoteSourceControl",
      "location" : "https://github.com/navermaps/SPM-NMapsMap.git",
      "state" : {
        "revision" : "0d1737119ac3277a19af83b29d5af901e81bf326",
        "version" : "3.22.1"
      }
    }
  ],
  "version" : 3
}
